
Microsoft Visual Studio Solution File, Format Version 12.00
# Visual Studio Version 16
VisualStudioVersion = 16.0.28803.156
MinimumVisualStudioVersion = 10.0.40219.1
Project("{9A19103F-16F7-4668-BE54-9A1E7A4F7556}") = "Formula1.MVC", "Formula1.MVC\Formula1.MVC.csproj", "{8D0B5E3A-61FE-4457-9B25-6AEF697693E4}"
EndProject
Project("{9A19103F-16F7-4668-BE54-9A1E7A4F7556}") = "Formula1.Domain", "Formula1.Domain\Formula1.Domain.csproj", "{DCB38AB4-1821-496D-8A49-CB47132A5120}"
EndProject
Project("{9A19103F-16F7-4668-BE54-9A1E7A4F7556}") = "Formula1.Infra", "Formula1.Infra\Formula1.Infra.csproj", "{33AA26EE-9B68-452E-AA8C-14CDD30CDFC5}"
EndProject
Project("{9A19103F-16F7-4668-BE54-9A1E7A4F7556}") = "Formula1.Data", "Formula1.Data\Formula1.Data.csproj", "{ADB3561A-2437-497D-A6FA-BAD59C164AE8}"
EndProject
Project("{FAE04EC0-301F-11D3-BF4B-00C04F79EFBC}") = "Formula1.Test", "Formula1.Test\Formula1.Test.csproj", "{A876BB31-70FA-4F0B-8CAF-E6A537549C3E}"
EndProject
Global
	GlobalSection(SolutionConfigurationPlatforms) = preSolution
		Debug|Any CPU = Debug|Any CPU
		Release|Any CPU = Release|Any CPU
	EndGlobalSection
	GlobalSection(ProjectConfigurationPlatforms) = postSolution
		{8D0B5E3A-61FE-4457-9B25-6AEF697693E4}.Debug|Any CPU.ActiveCfg = Debug|Any CPU
		{8D0B5E3A-61FE-4457-9B25-6AEF697693E4}.Debug|Any CPU.Build.0 = Debug|Any CPU
		{8D0B5E3A-61FE-4457-9B25-6AEF697693E4}.Release|Any CPU.ActiveCfg = Release|Any CPU
		{8D0B5E3A-61FE-4457-9B25-6AEF697693E4}.Release|Any CPU.Build.0 = Release|Any CPU
		{DCB38AB4-1821-496D-8A49-CB47132A5120}.Debug|Any CPU.ActiveCfg = Debug|Any CPU
		{DCB38AB4-1821-496D-8A49-CB47132A5120}.Debug|Any CPU.Build.0 = Debug|Any CPU
		{DCB38AB4-1821-496D-8A49-CB47132A5120}.Release|Any CPU.ActiveCfg = Release|Any CPU
		{DCB38AB4-1821-496D-8A49-CB47132A5120}.Release|Any CPU.Build.0 = Release|Any CPU
		{33AA26EE-9B68-452E-AA8C-14CDD30CDFC5}.Debug|Any CPU.ActiveCfg = Debug|Any CPU
		{33AA26EE-9B68-452E-AA8C-14CDD30CDFC5}.Debug|Any CPU.Build.0 = Debug|Any CPU
		{33AA26EE-9B68-452E-AA8C-14CDD30CDFC5}.Release|Any CPU.ActiveCfg = Release|Any CPU
		{33AA26EE-9B68-452E-AA8C-14CDD30CDFC5}.Release|Any CPU.Build.0 = Release|Any CPU
		{ADB3561A-2437-497D-A6FA-BAD59C164AE8}.Debug|Any CPU.ActiveCfg = Debug|Any CPU
		{ADB3561A-2437-497D-A6FA-BAD59C164AE8}.Debug|Any CPU.Build.0 = Debug|Any CPU
		{ADB3561A-2437-497D-A6FA-BAD59C164AE8}.Release|Any CPU.ActiveCfg = Release|Any CPU
		{ADB3561A-2437-497D-A6FA-BAD59C164AE8}.Release|Any CPU.Build.0 = Release|Any CPU
		{A876BB31-70FA-4F0B-8CAF-E6A537549C3E}.Debug|Any CPU.ActiveCfg = Debug|Any CPU
		{A876BB31-70FA-4F0B-8CAF-E6A537549C3E}.Debug|Any CPU.Build.0 = Debug|Any CPU
		{A876BB31-70FA-4F0B-8CAF-E6A537549C3E}.Release|Any CPU.ActiveCfg = Release|Any CPU
		{A876BB31-70FA-4F0B-8CAF-E6A537549C3E}.Release|Any CPU.Build.0 = Release|Any CPU
	EndGlobalSection
	GlobalSection(SolutionProperties) = preSolution
		HideSolutionNode = FALSE
	EndGlobalSection
	GlobalSection(ExtensibilityGlobals) = postSolution
		SolutionGuid = {882E1905-C82D-41A7-B1CF-57ECB076B7BC}
	EndGlobalSection
EndGlobal
